
Microsoft Visual Studio Solution File, Format Version 11.00
# Visual Studio 2010
Project("{FAE04EC0-301F-11D3-BF4B-00C04F79EFBC}") = "bankrupt", "Assembly-CSharp.csproj", "{C6C1823D-3BD6-F4BF-6D02-64CB9A561F1C}"
EndProject
Global
	GlobalSection(SolutionConfigurationPlatforms) = preSolution
		Debug|Any CPU = Debug|Any CPU
		Release|Any CPU = Release|Any CPU
	EndGlobalSection
	GlobalSection(ProjectConfigurationPlatforms) = postSolution
		{C6C1823D-3BD6-F4BF-6D02-64CB9A561F1C}.Debug|Any CPU.ActiveCfg = Debug|Any CPU
		{C6C1823D-3BD6-F4BF-6D02-64CB9A561F1C}.Debug|Any CPU.Build.0 = Debug|Any CPU
		{C6C1823D-3BD6-F4BF-6D02-64CB9A561F1C}.Release|Any CPU.ActiveCfg = Release|Any CPU
		{C6C1823D-3BD6-F4BF-6D02-64CB9A561F1C}.Release|Any CPU.Build.0 = Release|Any CPU
	EndGlobalSection
	GlobalSection(SolutionProperties) = preSolution
		HideSolutionNode = FALSE
	EndGlobalSection
	GlobalSection(MonoDevelopProperties) = preSolution
		StartupItem = Assembly-CSharp.csproj
	EndGlobalSection
EndGlobal
